Microsoft Visual Studio Solution File, Format Version 12.00
# Visual Studio Version 17
VisualStudioVersion = 17.5.2.0
MinimumVisualStudioVersion = 10.0.40219.1
Project("{2150E333-8FDC-42A3-9474-1A3956D46DE8}") = "src", "src", "{827E0CD3-B72D-47B6-A68D-7590B98EB39B}"
EndProject
Project("{FAE04EC0-301F-11D3-BF4B-00C04F79EFBC}") = "Moneybase.ChatApi", "src\Moneybase.ChatApi\Moneybase.ChatApi.csproj", "{A40C033E-BCDE-1A86-E701-5CD4F5AD910A}"
EndProject
Global
	GlobalSection(SolutionConfigurationPlatforms) = preSolution
		Debug|Any CPU = Debug|Any CPU
		Release|Any CPU = Release|Any CPU
	EndGlobalSection
	GlobalSection(ProjectConfigurationPlatforms) = postSolution
		{A40C033E-BCDE-1A86-E701-5CD4F5AD910A}.Debug|Any CPU.ActiveCfg = Debug|Any CPU
		{A40C033E-BCDE-1A86-E701-5CD4F5AD910A}.Debug|Any CPU.Build.0 = Debug|Any CPU
		{A40C033E-BCDE-1A86-E701-5CD4F5AD910A}.Release|Any CPU.ActiveCfg = Release|Any CPU
		{A40C033E-BCDE-1A86-E701-5CD4F5AD910A}.Release|Any CPU.Build.0 = Release|Any CPU
	EndGlobalSection
	GlobalSection(SolutionProperties) = preSolution
		HideSolutionNode = FALSE
	EndGlobalSection
	GlobalSection(NestedProjects) = preSolution
		{A40C033E-BCDE-1A86-E701-5CD4F5AD910A} = {827E0CD3-B72D-47B6-A68D-7590B98EB39B}
	EndGlobalSection
	GlobalSection(ExtensibilityGlobals) = postSolution
		SolutionGuid = {E2904C7B-68E9-4F53-83B2-35006212A623}
	EndGlobalSection
EndGlobal
